
Microsoft Visual Studio Solution File, Format Version 12.00
# Visual Studio 15
Project("{FAE04EC0-301F-11D3-BF4B-00C04F79EFBC}") = "BinksDisassembler", "BinksDisassembler\BinksDisassembler.csproj", "{4BF48B7A-5C08-45BA-A9A0-34EF54CBC6A4}"
EndProject
Project("{2150E333-8FDC-42A3-9474-1A3956D46DE8}") = "Solution Items", "Solution Items", "{2871100E-E3F4-4709-8615-B3122135CA2B}"
	ProjectSection(SolutionItems) = preProject
		README.md = README.md
	EndProjectSection
EndProject
Project("{FAE04EC0-301F-11D3-BF4B-00C04F79EFBC}") = "BinksDisassemblerTests", "BinksDisassemblerTests\BinksDisassemblerTests.csproj", "{90F50773-5019-4B8B-8753-F08E1DED3865}"
EndProject
Global
	GlobalSection(SolutionConfigurationPlatforms) = preSolution
		Debug|Any CPU = Debug|Any CPU
		Release|Any CPU = Release|Any CPU
	EndGlobalSection
	GlobalSection(ProjectConfigurationPlatforms) = postSolution
		{4BF48B7A-5C08-45BA-A9A0-34EF54CBC6A4}.Debug|Any CPU.ActiveCfg = Debug|Any CPU
		{4BF48B7A-5C08-45BA-A9A0-34EF54CBC6A4}.Debug|Any CPU.Build.0 = Debug|Any CPU
		{4BF48B7A-5C08-45BA-A9A0-34EF54CBC6A4}.Release|Any CPU.ActiveCfg = Release|Any CPU
		{4BF48B7A-5C08-45BA-A9A0-34EF54CBC6A4}.Release|Any CPU.Build.0 = Release|Any CPU
		{90F50773-5019-4B8B-8753-F08E1DED3865}.Debug|Any CPU.ActiveCfg = Debug|Any CPU
		{90F50773-5019-4B8B-8753-F08E1DED3865}.Debug|Any CPU.Build.0 = Debug|Any CPU
		{90F50773-5019-4B8B-8753-F08E1DED3865}.Release|Any CPU.ActiveCfg = Release|Any CPU
		{90F50773-5019-4B8B-8753-F08E1DED3865}.Release|Any CPU.Build.0 = Release|Any CPU
	EndGlobalSection
	GlobalSection(NestedProjects) = preSolution
	EndGlobalSection
	GlobalSection(MonoDevelopProperties) = preSolution
		Policies = $0
		$0.DotNetNamingPolicy = $1
		$1.DirectoryNamespaceAssociation = PrefixedHierarchical
		$0.StandardHeader = $2
		$0.VersionControlPolicy = $3
	EndGlobalSection
EndGlobal
